
Microsoft Visual Studio Solution File, Format Version 12.00
# Visual Studio Version 16
VisualStudioVersion = 16.0.29519.87
MinimumVisualStudioVersion = 10.0.40219.1
Project("{6EC3EE1D-3C4E-46DD-8F32-0CC8E7565705}") = "FsChessPgn", "FsChessPgn\FsChessPgn.fsproj", "{2C79F116-3F13-4685-853A-C7E45F3F992C}"
EndProject
Project("{6EC3EE1D-3C4E-46DD-8F32-0CC8E7565705}") = "pgn.Parse", "pgn.Parse\pgn.Parse.fsproj", "{22D74037-771F-4BCD-B9A0-D87CF4D2C933}"
EndProject
Project("{9A19103F-16F7-4668-BE54-9A1E7A4F7556}") = "pgn.Data", "pgn.Data\pgn.Data.csproj", "{71E3D827-A29B-4BD5-AED6-E199F0346BF4}"
EndProject
Project("{9A19103F-16F7-4668-BE54-9A1E7A4F7556}") = "pgn.Data.Test", "pgn.Data.Test\pgn.Data.Test.csproj", "{5E852D30-827D-4219-B5EF-A4A5D7F9F1CC}"
EndProject
Project("{6EC3EE1D-3C4E-46DD-8F32-0CC8E7565705}") = "fspgn.Parse", "fspgn.Parse\fspgn.Parse.fsproj", "{E0F270BF-B19D-4EF3-A621-FC7C2D0AE63C}"
EndProject
Project("{6EC3EE1D-3C4E-46DD-8F32-0CC8E7565705}") = "fspgn.Data", "fspgn.Data\fspgn.Data.fsproj", "{D3290620-CD53-498F-BFE2-D25A9A3D0061}"
EndProject
Project("{6EC3EE1D-3C4E-46DD-8F32-0CC8E7565705}") = "fspgn.Parse.Test", "fspgn.Parse.Test\fspgn.Parse.Test.fsproj", "{153FA15F-B8BD-46E0-9C12-A692A1BD30B7}"
EndProject
Global
	GlobalSection(SolutionConfigurationPlatforms) = preSolution
		Debug|Any CPU = Debug|Any CPU
		Release|Any CPU = Release|Any CPU
	EndGlobalSection
	GlobalSection(ProjectConfigurationPlatforms) = postSolution
		{2C79F116-3F13-4685-853A-C7E45F3F992C}.Debug|Any CPU.ActiveCfg = Debug|Any CPU
		{2C79F116-3F13-4685-853A-C7E45F3F992C}.Debug|Any CPU.Build.0 = Debug|Any CPU
		{2C79F116-3F13-4685-853A-C7E45F3F992C}.Release|Any CPU.ActiveCfg = Release|Any CPU
		{2C79F116-3F13-4685-853A-C7E45F3F992C}.Release|Any CPU.Build.0 = Release|Any CPU
		{22D74037-771F-4BCD-B9A0-D87CF4D2C933}.Debug|Any CPU.ActiveCfg = Debug|Any CPU
		{22D74037-771F-4BCD-B9A0-D87CF4D2C933}.Debug|Any CPU.Build.0 = Debug|Any CPU
		{22D74037-771F-4BCD-B9A0-D87CF4D2C933}.Release|Any CPU.ActiveCfg = Release|Any CPU
		{22D74037-771F-4BCD-B9A0-D87CF4D2C933}.Release|Any CPU.Build.0 = Release|Any CPU
		{71E3D827-A29B-4BD5-AED6-E199F0346BF4}.Debug|Any CPU.ActiveCfg = Debug|Any CPU
		{71E3D827-A29B-4BD5-AED6-E199F0346BF4}.Debug|Any CPU.Build.0 = Debug|Any CPU
		{71E3D827-A29B-4BD5-AED6-E199F0346BF4}.Release|Any CPU.ActiveCfg = Release|Any CPU
		{71E3D827-A29B-4BD5-AED6-E199F0346BF4}.Release|Any CPU.Build.0 = Release|Any CPU
		{5E852D30-827D-4219-B5EF-A4A5D7F9F1CC}.Debug|Any CPU.ActiveCfg = Debug|Any CPU
		{5E852D30-827D-4219-B5EF-A4A5D7F9F1CC}.Debug|Any CPU.Build.0 = Debug|Any CPU
		{5E852D30-827D-4219-B5EF-A4A5D7F9F1CC}.Release|Any CPU.ActiveCfg = Release|Any CPU
		{5E852D30-827D-4219-B5EF-A4A5D7F9F1CC}.Release|Any CPU.Build.0 = Release|Any CPU
		{E0F270BF-B19D-4EF3-A621-FC7C2D0AE63C}.Debug|Any CPU.ActiveCfg = Debug|Any CPU
		{E0F270BF-B19D-4EF3-A621-FC7C2D0AE63C}.Debug|Any CPU.Build.0 = Debug|Any CPU
		{E0F270BF-B19D-4EF3-A621-FC7C2D0AE63C}.Release|Any CPU.ActiveCfg = Release|Any CPU
		{E0F270BF-B19D-4EF3-A621-FC7C2D0AE63C}.Release|Any CPU.Build.0 = Release|Any CPU
		{D3290620-CD53-498F-BFE2-D25A9A3D0061}.Debug|Any CPU.ActiveCfg = Debug|Any CPU
		{D3290620-CD53-498F-BFE2-D25A9A3D0061}.Debug|Any CPU.Build.0 = Debug|Any CPU
		{D3290620-CD53-498F-BFE2-D25A9A3D0061}.Release|Any CPU.ActiveCfg = Release|Any CPU
		{D3290620-CD53-498F-BFE2-D25A9A3D0061}.Release|Any CPU.Build.0 = Release|Any CPU
		{153FA15F-B8BD-46E0-9C12-A692A1BD30B7}.Debug|Any CPU.ActiveCfg = Debug|Any CPU
		{153FA15F-B8BD-46E0-9C12-A692A1BD30B7}.Debug|Any CPU.Build.0 = Debug|Any CPU
		{153FA15F-B8BD-46E0-9C12-A692A1BD30B7}.Release|Any CPU.ActiveCfg = Release|Any CPU
		{153FA15F-B8BD-46E0-9C12-A692A1BD30B7}.Release|Any CPU.Build.0 = Release|Any CPU
	EndGlobalSection
	GlobalSection(SolutionProperties) = preSolution
		HideSolutionNode = FALSE
	EndGlobalSection
	GlobalSection(ExtensibilityGlobals) = postSolution
		SolutionGuid = {1EFBBF18-81E9-4F01-A431-E58B2EB70F3E}
	EndGlobalSection
EndGlobal
